
Microsoft Visual Studio Solution File, Format Version 12.00
# Visual Studio Version 17
VisualStudioVersion = 17.11.35327.3
MinimumVisualStudioVersion = 10.0.40219.1
Project("{FAE04EC0-301F-11D3-BF4B-00C04F79EFBC}") = "Student_Club", "Student_Club\Student_Club.csproj", "{C3331539-0D0F-4F3A-B8B8-5229777F231B}"
EndProject
Global
	GlobalSection(SolutionConfigurationPlatforms) = preSolution
		Debug|Any CPU = Debug|Any CPU
		Release|Any CPU = Release|Any CPU
	EndGlobalSection
	GlobalSection(ProjectConfigurationPlatforms) = postSolution
		{C3331539-0D0F-4F3A-B8B8-5229777F231B}.Debug|Any CPU.ActiveCfg = Debug|Any CPU
		{C3331539-0D0F-4F3A-B8B8-5229777F231B}.Debug|Any CPU.Build.0 = Debug|Any CPU
		{C3331539-0D0F-4F3A-B8B8-5229777F231B}.Release|Any CPU.ActiveCfg = Release|Any CPU
		{C3331539-0D0F-4F3A-B8B8-5229777F231B}.Release|Any CPU.Build.0 = Release|Any CPU
	EndGlobalSection
	GlobalSection(SolutionProperties) = preSolution
		HideSolutionNode = FALSE
	EndGlobalSection
	GlobalSection(ExtensibilityGlobals) = postSolution
		SolutionGuid = {F4ED0F5D-DC51-4DC8-A755-83E62F8D6F13}
	EndGlobalSection
EndGlobal
